
Microsoft Visual Studio Solution File, Format Version 12.00
# Visual Studio Version 17
VisualStudioVersion = 17.0.31903.59
MinimumVisualStudioVersion = 10.0.40219.1
Project("{2150E333-8FDC-42A3-9474-1A3956D46DE8}") = "src", "src", "{23346900-38F5-4ED1-98D5-C630A57D09AA}"
EndProject
Project("{FAE04EC0-301F-11D3-BF4B-00C04F79EFBC}") = "MediumToPdf", "src\MediumToPdf\MediumToPdf.csproj", "{58B18E74-E849-4C32-87F1-24D0C49A39BE}"
EndProject
Project("{2150E333-8FDC-42A3-9474-1A3956D46DE8}") = "tests", "tests", "{00622D59-F9AF-4B49-92FD-31E6C210AB7A}"
EndProject
Project("{FAE04EC0-301F-11D3-BF4B-00C04F79EFBC}") = "MediumToPdf.Tests", "tests\MediumToPdf.Tests\MediumToPdf.Tests.csproj", "{1FD67545-36C7-4335-A633-5EB21F8DA3A5}"
EndProject
Global
	GlobalSection(SolutionConfigurationPlatforms) = preSolution
		Debug|Any CPU = Debug|Any CPU
		Release|Any CPU = Release|Any CPU
	EndGlobalSection
	GlobalSection(SolutionProperties) = preSolution
		HideSolutionNode = FALSE
	EndGlobalSection
	GlobalSection(ProjectConfigurationPlatforms) = postSolution
		{58B18E74-E849-4C32-87F1-24D0C49A39BE}.Debug|Any CPU.ActiveCfg = Debug|Any CPU
		{58B18E74-E849-4C32-87F1-24D0C49A39BE}.Debug|Any CPU.Build.0 = Debug|Any CPU
		{58B18E74-E849-4C32-87F1-24D0C49A39BE}.Release|Any CPU.ActiveCfg = Release|Any CPU
		{58B18E74-E849-4C32-87F1-24D0C49A39BE}.Release|Any CPU.Build.0 = Release|Any CPU
		{1FD67545-36C7-4335-A633-5EB21F8DA3A5}.Debug|Any CPU.ActiveCfg = Debug|Any CPU
		{1FD67545-36C7-4335-A633-5EB21F8DA3A5}.Debug|Any CPU.Build.0 = Debug|Any CPU
		{1FD67545-36C7-4335-A633-5EB21F8DA3A5}.Release|Any CPU.ActiveCfg = Release|Any CPU
		{1FD67545-36C7-4335-A633-5EB21F8DA3A5}.Release|Any CPU.Build.0 = Release|Any CPU
	EndGlobalSection
	GlobalSection(NestedProjects) = preSolution
		{58B18E74-E849-4C32-87F1-24D0C49A39BE} = {23346900-38F5-4ED1-98D5-C630A57D09AA}
		{1FD67545-36C7-4335-A633-5EB21F8DA3A5} = {00622D59-F9AF-4B49-92FD-31E6C210AB7A}
	EndGlobalSection
EndGlobal
